# THIS IS AN AUTOGENERATED FILE. DO NOT EDIT THIS FILE DIRECTLY.
# yarn lockfile v1


"@d-fischer/cross-fetch@^4.0.2":
  version "4.1.0"
  resolved "https://registry.yarnpkg.com/@d-fischer/cross-fetch/-/cross-fetch-4.1.0.tgz#6a25d3244c5014ccd97a7f1056f7f7b619aca6a3"
  integrity sha512-HH87JacceXOANr5XuBuSIQmPRPOvOUPwU1JR0DLUT6A8jGcP0jq2YUAiFCyZ8VGwDbTjsD3CZFpWIp5o7mIFWQ==
  dependencies:
    node-fetch "2.6.7"

"@d-fischer/logger@^4.0.0":
  version "4.2.0"
  resolved "https://registry.yarnpkg.com/@d-fischer/logger/-/logger-4.2.0.tgz#6ba05043c3a49cef3ebf5bc6f7825566dca37d3c"
  integrity sha512-Hgm/GfeZfv2UPcRY4uF4S7OtCCv6Xxx++q7FAXc1qMrInaowKrmpo6YdFwRfZ8z53gzXFhc6H8j1Ttm0046uTw==
  dependencies:
    "@d-fischer/shared-utils" "^3.2.0"
    detect-node "^2.0.4"
    tslib "^2.0.3"

"@d-fischer/qs@^7.0.2":
  version "7.0.2"
  resolved "https://registry.yarnpkg.com/@d-fischer/qs/-/qs-7.0.2.tgz#21942f51590e20954086bdc32fb3e608d3525659"
  integrity sha512-yAu3xDooiL+ef84Jo8nLjDjWBRk7RXk163Y6aTvRB7FauYd3spQD/dWvgT7R4CrN54Juhrrc3dMY7mc+jZGurQ==

"@d-fischer/shared-utils@^3.2.0":
  version "3.3.0"
  resolved "https://registry.yarnpkg.com/@d-fischer/shared-utils/-/shared-utils-3.3.0.tgz#07e4b1c3251fdb7232293d095939176a5529ecd9"
  integrity sha512-k9kOsggH+xyFf4+p63TI1kbG1oQX2qHra3OY7LGg2+26JMgL0RD6Hss86QXB4bx0SFielmdA9OD35NETZ/E51g==
  dependencies:
    "@types/node" "^14.11.2"
    tslib "^2.0.3"

"@twurple/api-call@^5.2.5":
  version "5.2.5"
  resolved "https://registry.yarnpkg.com/@twurple/api-call/-/api-call-5.2.5.tgz#415b291602431f444ffaee588a4d9af772c58e52"
  integrity sha512-oPbkNnh6zT6twNFmt2FOJwK+KQjlJvWKZUcvKW/P/JGe9olIBfNIScVcmnAEr9olOvBoipnF/xLu0V0f0C/UeQ==
  dependencies:
    "@d-fischer/cross-fetch" "^4.0.2"
    "@d-fischer/qs" "^7.0.2"
    "@twurple/common" "^5.2.5"
    "@types/node-fetch" "^2.5.7"
    tslib "^2.0.3"

"@twurple/auth@^5.2.5":
  version "5.2.5"
  resolved "https://registry.yarnpkg.com/@twurple/auth/-/auth-5.2.5.tgz#3091111194a5ceebc1fa4ce6cd9d8f3219a4ab20"
  integrity sha512-gu2D3FU87MtXhSnxmiHgTJrOig57ttx89YvamqBq9hT4QpId23Z5H0wUtvumL+G3NlyhcJ6+LOYvWiz8MFPRWA==
  dependencies:
    "@d-fischer/logger" "^4.0.0"
    "@d-fischer/shared-utils" "^3.2.0"
    "@twurple/api-call" "^5.2.5"
    "@twurple/common" "^5.2.5"
    tslib "^2.0.3"

"@twurple/common@^5.2.5":
  version "5.2.5"
  resolved "https://registry.yarnpkg.com/@twurple/common/-/common-5.2.5.tgz#ceb97aa4df5e5e91e6ef3dedc52c3cf7c8b7ea54"
  integrity sha512-pZe/IjdNfxiKtVw+3ntViq0gMnZrx8x+VB3aAzl/hB6bE10iUB0vV0qK7gCrvDJCnMDk0oGFLdl+nQOwkDHVpQ==
  dependencies:
    "@d-fischer/shared-utils" "^3.2.0"
    klona "^2.0.4"
    tslib "^2.0.3"

"@types/node-fetch@^2.5.7":
  version "2.6.2"
  resolved "https://registry.yarnpkg.com/@types/node-fetch/-/node-fetch-2.6.2.tgz#d1a9c5fd049d9415dce61571557104dec3ec81da"
  integrity sha512-DHqhlq5jeESLy19TYhLakJ07kNumXWjcDdxXsLUMJZ6ue8VZJj4kLPQVE/2mdHh3xZziNF1xppu5lwmS53HR+A==
  dependencies:
    "@types/node" "*"
    form-data "^3.0.0"

"@types/node@*":
  version "18.11.3"
  resolved "https://registry.yarnpkg.com/@types/node/-/node-18.11.3.tgz#78a6d7ec962b596fc2d2ec102c4dd3ef073fea6a"
  integrity sha512-fNjDQzzOsZeKZu5NATgXUPsaFaTxeRgFXoosrHivTl8RGeV733OLawXsGfEk9a8/tySyZUyiZ6E8LcjPFZ2y1A==

"@types/node@^14.11.2":
  version "14.18.32"
  resolved "https://registry.yarnpkg.com/@types/node/-/node-14.18.32.tgz#8074f7106731f1a12ba993fe8bad86ee73905014"
  integrity sha512-Y6S38pFr04yb13qqHf8uk1nHE3lXgQ30WZbv1mLliV9pt0NjvqdWttLcrOYLnXbOafknVYRHZGoMSpR9UwfYow==

asynckit@^0.4.0:
  version "0.4.0"
  resolved "https://registry.yarnpkg.com/asynckit/-/asynckit-0.4.0.tgz#c79ed97f7f34cb8f2ba1bc9790bcc366474b4b79"
  integrity sha512-Oei9OH4tRh0YqU3GxhX79dM/mwVgvbZJaSNaRk+bshkj0S5cfHcgYakreBjrHwatXKbz+IoIdYLxrKim2MjW0Q==

combined-stream@^1.0.8:
  version "1.0.8"
  resolved "https://registry.yarnpkg.com/combined-stream/-/combined-stream-1.0.8.tgz#c3d45a8b34fd730631a110a8a2520682b31d5a7f"
  integrity sha512-FQN4MRfuJeHf7cBbBMJFXhKSDq+2kAArBlmRBvcvFE5BB1HZKXtSFASDhdlz9zOYwxh8lDdnvmMOe/+5cdoEdg==
  dependencies:
    delayed-stream "~1.0.0"

delayed-stream@~1.0.0:
  version "1.0.0"
  resolved "https://registry.yarnpkg.com/delayed-stream/-/delayed-stream-1.0.0.tgz#df3ae199acadfb7d440aaae0b29e2272b24ec619"
  integrity sha512-ZySD7Nf91aLB0RxL4KGrKHBXl7Eds1DAmEdcoVawXnLD7SDhpNgtuII2aAkg7a7QS41jxPSZ17p4VdGnMHk3MQ==

detect-node@^2.0.4:
  version "2.1.0"
  resolved "https://registry.yarnpkg.com/detect-node/-/detect-node-2.1.0.tgz#c9c70775a49c3d03bc2c06d9a73be550f978f8b1"
  integrity sha512-T0NIuQpnTvFDATNuHN5roPwSBG83rFsuO+MXXH9/3N1eFbn4wcPjttvjMLEPWJ0RGUYgQE7cGgS3tNxbqCGM7g==

form-data@^3.0.0:
  version "3.0.1"
  resolved "https://registry.yarnpkg.com/form-data/-/form-data-3.0.1.tgz#ebd53791b78356a99af9a300d4282c4d5eb9755f"
  integrity sha512-RHkBKtLWUVwd7SqRIvCZMEvAMoGUp0XU+seQiZejj0COz3RI3hWP4sCv3gZWWLjJTd7rGwcsF5eKZGii0r/hbg==
  dependencies:
    asynckit "^0.4.0"
    combined-stream "^1.0.8"
    mime-types "^2.1.12"

klona@^2.0.4:
  version "2.0.5"
  resolved "https://registry.yarnpkg.com/klona/-/klona-2.0.5.tgz#d166574d90076395d9963aa7a928fabb8d76afbc"
  integrity sha512-pJiBpiXMbt7dkzXe8Ghj/u4FfXOOa98fPW+bihOJ4SjnoijweJrNThJfd3ifXpXhREjpoF2mZVH1GfS9LV3kHQ==

mime-db@1.52.0:
  version "1.52.0"
  resolved "https://registry.yarnpkg.com/mime-db/-/mime-db-1.52.0.tgz#bbabcdc02859f4987301c856e3387ce5ec43bf70"
  integrity sha512-sPU4uV7dYlvtWJxwwxHD0PuihVNiE7TyAbQ5SWxDCB9mUYvOgroQOwYQQOKPJ8CIbE+1ETVlOoK1UC2nU3gYvg==

mime-types@^2.1.12:
  version "2.1.35"
  resolved "https://registry.yarnpkg.com/mime-types/-/mime-types-2.1.35.tgz#381a871b62a734450660ae3deee44813f70d959a"
  integrity sha512-ZDY+bPm5zTTF+YpCrAU9nK0UgICYPT0QtT1NZWFv4s++TNkcgVaT0g6+4R2uI4MjQjzysHB1zxuWL50hzaeXiw==
  dependencies:
    mime-db "1.52.0"

node-fetch@2.6.7:
  version "2.6.7"
  resolved "https://registry.yarnpkg.com/node-fetch/-/node-fetch-2.6.7.tgz#24de9fba827e3b4ae44dc8b20256a379160052ad"
  integrity sha512-ZjMPFEfVx5j+y2yF35Kzx5sF7kDzxuDj6ziH4FFbOp87zKDZNx8yExJIb05OGF4Nlt9IHFIMBkRl41VdvcNdbQ==
  dependencies:
    whatwg-url "^5.0.0"

tr46@~0.0.3:
  version "0.0.3"
  resolved "https://registry.yarnpkg.com/tr46/-/tr46-0.0.3.tgz#8184fd347dac9cdc185992f3a6622e14b9d9ab6a"
  integrity sha512-N3WMsuqV66lT30CrXNbEjx4GEwlow3v6rr4mCcv6prnfwhS01rkgyFdjPNBYd9br7LpXV1+Emh01fHnq2Gdgrw==

tslib@^2.0.3:
  version "2.4.0"
  resolved "https://registry.yarnpkg.com/tslib/-/tslib-2.4.0.tgz#7cecaa7f073ce680a05847aa77be941098f36dc3"
  integrity sha512-d6xOpEDfsi2CZVlPQzGeux8XMwLT9hssAsaPYExaQMuYskwb+x1x7J371tWlbBdWHroy99KnVB6qIkUbs5X3UQ==

webidl-conversions@^3.0.0:
  version "3.0.1"
  resolved "https://registry.yarnpkg.com/webidl-conversions/-/webidl-conversions-3.0.1.tgz#24534275e2a7bc6be7bc86611cc16ae0a5654871"
  integrity sha512-2JAn3z8AR6rjK8Sm8orRC0h/bcl/DqL7tRPdGZ4I1CjdF+EaMLmYxBHyXuKL849eucPFhvBoxMsflfOb8kxaeQ==

whatwg-url@^5.0.0:
  version "5.0.0"
  resolved "https://registry.yarnpkg.com/whatwg-url/-/whatwg-url-5.0.0.tgz#966454e8765462e37644d3626f6742ce8b70965d"
  integrity sha512-saE57nupxk6v3HY35+jzBwYa0rKSy0XR8JSxZPwgLr7ys0IBzhGviA1/TUGJLmSVqs8pb9AnvICXEuOHLprYTw==
  dependencies:
    tr46 "~0.0.3"
    webidl-conversions "^3.0.0"
